
Microsoft Visual Studio Solution File, Format Version 11.00
# Visual Studio 2010
Project("{FAE04EC0-301F-11D3-BF4B-00C04F79EFBC}") = "Kcaspher", "Kcaspher\Kcaspher\Kcaspher.csproj", "{56ED4E0C-80B6-4208-8B90-0D4188B0ED18}"
EndProject
Project("{FAE04EC0-301F-11D3-BF4B-00C04F79EFBC}") = "KcaspherContent", "Kcaspher\KcaspherContent\KcaspherContent.contentproj", "{BF4CA4BC-C692-4043-B1B8-469E1DC2F22B}"
EndProject
Project("{FAE04EC0-301F-11D3-BF4B-00C04F79EFBC}") = "zbra", "zbra\zbra.csproj", "{7105CCCA-BA50-4151-896C-517F6ED2D46D}"
EndProject
Project("{FAE04EC0-301F-11D3-BF4B-00C04F79EFBC}") = "Client", "Client\Client.csproj", "{B3B3253F-22E2-4C23-A0DC-7C80B377AF8D}"
EndProject
Global
	GlobalSection(SolutionConfigurationPlatforms) = preSolution
		Debug|x86 = Debug|x86
		Release|x86 = Release|x86
	EndGlobalSection
	GlobalSection(ProjectConfigurationPlatforms) = postSolution
		{56ED4E0C-80B6-4208-8B90-0D4188B0ED18}.Debug|x86.ActiveCfg = Debug|x86
		{56ED4E0C-80B6-4208-8B90-0D4188B0ED18}.Debug|x86.Build.0 = Debug|x86
		{56ED4E0C-80B6-4208-8B90-0D4188B0ED18}.Release|x86.ActiveCfg = Release|x86
		{56ED4E0C-80B6-4208-8B90-0D4188B0ED18}.Release|x86.Build.0 = Release|x86
		{BF4CA4BC-C692-4043-B1B8-469E1DC2F22B}.Debug|x86.ActiveCfg = Debug|x86
		{BF4CA4BC-C692-4043-B1B8-469E1DC2F22B}.Debug|x86.Build.0 = Debug|x86
		{BF4CA4BC-C692-4043-B1B8-469E1DC2F22B}.Release|x86.ActiveCfg = Release|x86
		{7105CCCA-BA50-4151-896C-517F6ED2D46D}.Debug|x86.ActiveCfg = Debug|x86
		{7105CCCA-BA50-4151-896C-517F6ED2D46D}.Debug|x86.Build.0 = Debug|x86
		{7105CCCA-BA50-4151-896C-517F6ED2D46D}.Release|x86.ActiveCfg = Release|x86
		{7105CCCA-BA50-4151-896C-517F6ED2D46D}.Release|x86.Build.0 = Release|x86
		{B3B3253F-22E2-4C23-A0DC-7C80B377AF8D}.Debug|x86.ActiveCfg = Debug|x86
		{B3B3253F-22E2-4C23-A0DC-7C80B377AF8D}.Debug|x86.Build.0 = Debug|x86
		{B3B3253F-22E2-4C23-A0DC-7C80B377AF8D}.Release|x86.ActiveCfg = Release|x86
		{B3B3253F-22E2-4C23-A0DC-7C80B377AF8D}.Release|x86.Build.0 = Release|x86
	EndGlobalSection
	GlobalSection(SolutionProperties) = preSolution
		HideSolutionNode = FALSE
	EndGlobalSection
EndGlobal
